
Microsoft Visual Studio Solution File, Format Version 12.00
# Visual Studio 14
VisualStudioVersion = 14.0.24720.0
MinimumVisualStudioVersion = 10.0.40219.1
Project("{FAE04EC0-301F-11D3-BF4B-00C04F79EFBC}") = "01. Centuries To Minutes", "01. Centuries To Minutes\01. Centuries To Minutes.csproj", "{D3F97B05-D02E-453F-8DF5-142F7DB696B0}"
EndProject
Project("{FAE04EC0-301F-11D3-BF4B-00C04F79EFBC}") = "02. Circle Area (12 Digits Precision)", "02. Circle Area (12 Digits Precision)\02. Circle Area (12 Digits Precision).csproj", "{C1228DA5-BB62-4810-B387-275BBE3BB293}"
EndProject
Project("{FAE04EC0-301F-11D3-BF4B-00C04F79EFBC}") = "03. Exact Sum of Real Numbers", "03. Exact Sum of Real Numbers\03. Exact Sum of Real Numbers.csproj", "{7C73CB6F-3FD5-4007-925B-E654943009E0}"
EndProject
Project("{FAE04EC0-301F-11D3-BF4B-00C04F79EFBC}") = "04. Elevator", "04. Elevator\04. Elevator.csproj", "{F1C4759B-E6A3-43C2-A102-3A63C6D20E56}"
EndProject
Project("{FAE04EC0-301F-11D3-BF4B-00C04F79EFBC}") = "05. Special Numbers", "05. Special Numbers\05. Special Numbers.csproj", "{D6B0235A-D0E6-46CD-BD49-ED620D58A7CE}"
EndProject
Project("{FAE04EC0-301F-11D3-BF4B-00C04F79EFBC}") = "06. Triples of Letters", "06. Triples of Letters\06. Triples of Letters.csproj", "{82A7D944-93AA-4E9E-81A6-3AE7DA999A6C}"
EndProject
Project("{FAE04EC0-301F-11D3-BF4B-00C04F79EFBC}") = "07. Greeting", "07. Greeting\07. Greeting.csproj", "{4DDB6887-6F84-468A-880C-FD0727CABF51}"
EndProject
Project("{FAE04EC0-301F-11D3-BF4B-00C04F79EFBC}") = "08. Day Of Week", "08. Day Of Week\08. Day Of Week.csproj", "{D443B049-32C1-441A-B77C-55E7FD225740}"
EndProject
Project("{FAE04EC0-301F-11D3-BF4B-00C04F79EFBC}") = "09. Animal type", "09. Animal type\09. Animal type.csproj", "{072C534C-5585-469B-BF55-38A347B55933}"
EndProject
Project("{FAE04EC0-301F-11D3-BF4B-00C04F79EFBC}") = "10. Filled Square", "10. Filled Square\10. Filled Square.csproj", "{34491509-688B-4E0C-924E-B61A003AB301}"
EndProject
Global
	GlobalSection(SolutionConfigurationPlatforms) = preSolution
		Debug|Any CPU = Debug|Any CPU
		Release|Any CPU = Release|Any CPU
	EndGlobalSection
	GlobalSection(ProjectConfigurationPlatforms) = postSolution
		{D3F97B05-D02E-453F-8DF5-142F7DB696B0}.Debug|Any CPU.ActiveCfg = Debug|Any CPU
		{D3F97B05-D02E-453F-8DF5-142F7DB696B0}.Debug|Any CPU.Build.0 = Debug|Any CPU
		{D3F97B05-D02E-453F-8DF5-142F7DB696B0}.Release|Any CPU.ActiveCfg = Release|Any CPU
		{D3F97B05-D02E-453F-8DF5-142F7DB696B0}.Release|Any CPU.Build.0 = Release|Any CPU
		{C1228DA5-BB62-4810-B387-275BBE3BB293}.Debug|Any CPU.ActiveCfg = Debug|Any CPU
		{C1228DA5-BB62-4810-B387-275BBE3BB293}.Debug|Any CPU.Build.0 = Debug|Any CPU
		{C1228DA5-BB62-4810-B387-275BBE3BB293}.Release|Any CPU.ActiveCfg = Release|Any CPU
		{C1228DA5-BB62-4810-B387-275BBE3BB293}.Release|Any CPU.Build.0 = Release|Any CPU
		{7C73CB6F-3FD5-4007-925B-E654943009E0}.Debug|Any CPU.ActiveCfg = Debug|Any CPU
		{7C73CB6F-3FD5-4007-925B-E654943009E0}.Debug|Any CPU.Build.0 = Debug|Any CPU
		{7C73CB6F-3FD5-4007-925B-E654943009E0}.Release|Any CPU.ActiveCfg = Release|Any CPU
		{7C73CB6F-3FD5-4007-925B-E654943009E0}.Release|Any CPU.Build.0 = Release|Any CPU
		{F1C4759B-E6A3-43C2-A102-3A63C6D20E56}.Debug|Any CPU.ActiveCfg = Debug|Any CPU
		{F1C4759B-E6A3-43C2-A102-3A63C6D20E56}.Debug|Any CPU.Build.0 = Debug|Any CPU
		{F1C4759B-E6A3-43C2-A102-3A63C6D20E56}.Release|Any CPU.ActiveCfg = Release|Any CPU
		{F1C4759B-E6A3-43C2-A102-3A63C6D20E56}.Release|Any CPU.Build.0 = Release|Any CPU
		{D6B0235A-D0E6-46CD-BD49-ED620D58A7CE}.Debug|Any CPU.ActiveCfg = Debug|Any CPU
		{D6B0235A-D0E6-46CD-BD49-ED620D58A7CE}.Debug|Any CPU.Build.0 = Debug|Any CPU
		{D6B0235A-D0E6-46CD-BD49-ED620D58A7CE}.Release|Any CPU.ActiveCfg = Release|Any CPU
		{D6B0235A-D0E6-46CD-BD49-ED620D58A7CE}.Release|Any CPU.Build.0 = Release|Any CPU
		{82A7D944-93AA-4E9E-81A6-3AE7DA999A6C}.Debug|Any CPU.ActiveCfg = Debug|Any CPU
		{82A7D944-93AA-4E9E-81A6-3AE7DA999A6C}.Debug|Any CPU.Build.0 = Debug|Any CPU
		{82A7D944-93AA-4E9E-81A6-3AE7DA999A6C}.Release|Any CPU.ActiveCfg = Release|Any CPU
		{82A7D944-93AA-4E9E-81A6-3AE7DA999A6C}.Release|Any CPU.Build.0 = Release|Any CPU
		{4DDB6887-6F84-468A-880C-FD0727CABF51}.Debug|Any CPU.ActiveCfg = Debug|Any CPU
		{4DDB6887-6F84-468A-880C-FD0727CABF51}.Debug|Any CPU.Build.0 = Debug|Any CPU
		{4DDB6887-6F84-468A-880C-FD0727CABF51}.Release|Any CPU.ActiveCfg = Release|Any CPU
		{4DDB6887-6F84-468A-880C-FD0727CABF51}.Release|Any CPU.Build.0 = Release|Any CPU
		{D443B049-32C1-441A-B77C-55E7FD225740}.Debug|Any CPU.ActiveCfg = Debug|Any CPU
		{D443B049-32C1-441A-B77C-55E7FD225740}.Debug|Any CPU.Build.0 = Debug|Any CPU
		{D443B049-32C1-441A-B77C-55E7FD225740}.Release|Any CPU.ActiveCfg = Release|Any CPU
		{D443B049-32C1-441A-B77C-55E7FD225740}.Release|Any CPU.Build.0 = Release|Any CPU
		{072C534C-5585-469B-BF55-38A347B55933}.Debug|Any CPU.ActiveCfg = Debug|Any CPU
		{072C534C-5585-469B-BF55-38A347B55933}.Debug|Any CPU.Build.0 = Debug|Any CPU
		{072C534C-5585-469B-BF55-38A347B55933}.Release|Any CPU.ActiveCfg = Release|Any CPU
		{072C534C-5585-469B-BF55-38A347B55933}.Release|Any CPU.Build.0 = Release|Any CPU
		{34491509-688B-4E0C-924E-B61A003AB301}.Debug|Any CPU.ActiveCfg = Debug|Any CPU
		{34491509-688B-4E0C-924E-B61A003AB301}.Debug|Any CPU.Build.0 = Debug|Any CPU
		{34491509-688B-4E0C-924E-B61A003AB301}.Release|Any CPU.ActiveCfg = Release|Any CPU
		{34491509-688B-4E0C-924E-B61A003AB301}.Release|Any CPU.Build.0 = Release|Any CPU
	EndGlobalSection
	GlobalSection(SolutionProperties) = preSolution
		HideSolutionNode = FALSE
	EndGlobalSection
EndGlobal
