
Microsoft Visual Studio Solution File, Format Version 12.00
# Visual Studio 14
VisualStudioVersion = 14.0.24720.0
MinimumVisualStudioVersion = 10.0.40219.1
Project("{FAE04EC0-301F-11D3-BF4B-00C04F79EFBC}") = "01. Nacepin", "01. Nacepin\01. Nacepin.csproj", "{48A929DE-2C15-4CAE-8ED6-A7E16DF61B3B}"
EndProject
Project("{FAE04EC0-301F-11D3-BF4B-00C04F79EFBC}") = "02. Hogwarts Sorting", "02. Hogwarts Sorting\02. Hogwarts Sorting.csproj", "{CF8CBA21-9C24-4C6B-8060-9776C7CE64E9}"
EndProject
Project("{FAE04EC0-301F-11D3-BF4B-00C04F79EFBC}") = "03. Dress Pattern", "03. Dress Pattern\03. Dress Pattern.csproj", "{6DFCCB34-9A38-4E99-8C4E-049B79E17C93}"
EndProject
Global
	GlobalSection(SolutionConfigurationPlatforms) = preSolution
		Debug|Any CPU = Debug|Any CPU
		Release|Any CPU = Release|Any CPU
	EndGlobalSection
	GlobalSection(ProjectConfigurationPlatforms) = postSolution
		{48A929DE-2C15-4CAE-8ED6-A7E16DF61B3B}.Debug|Any CPU.ActiveCfg = Debug|Any CPU
		{48A929DE-2C15-4CAE-8ED6-A7E16DF61B3B}.Debug|Any CPU.Build.0 = Debug|Any CPU
		{48A929DE-2C15-4CAE-8ED6-A7E16DF61B3B}.Release|Any CPU.ActiveCfg = Release|Any CPU
		{48A929DE-2C15-4CAE-8ED6-A7E16DF61B3B}.Release|Any CPU.Build.0 = Release|Any CPU
		{CF8CBA21-9C24-4C6B-8060-9776C7CE64E9}.Debug|Any CPU.ActiveCfg = Debug|Any CPU
		{CF8CBA21-9C24-4C6B-8060-9776C7CE64E9}.Debug|Any CPU.Build.0 = Debug|Any CPU
		{CF8CBA21-9C24-4C6B-8060-9776C7CE64E9}.Release|Any CPU.ActiveCfg = Release|Any CPU
		{CF8CBA21-9C24-4C6B-8060-9776C7CE64E9}.Release|Any CPU.Build.0 = Release|Any CPU
		{6DFCCB34-9A38-4E99-8C4E-049B79E17C93}.Debug|Any CPU.ActiveCfg = Debug|Any CPU
		{6DFCCB34-9A38-4E99-8C4E-049B79E17C93}.Debug|Any CPU.Build.0 = Debug|Any CPU
		{6DFCCB34-9A38-4E99-8C4E-049B79E17C93}.Release|Any CPU.ActiveCfg = Release|Any CPU
		{6DFCCB34-9A38-4E99-8C4E-049B79E17C93}.Release|Any CPU.Build.0 = Release|Any CPU
	EndGlobalSection
	GlobalSection(SolutionProperties) = preSolution
		HideSolutionNode = FALSE
	EndGlobalSection
EndGlobal
